// !$*UTF8*$!
{
	archiveVersion = 1;
	classes = {
	};
	objectVersion = 50;
	objects = {

/* Begin PBXBuildFile section */
		75B9D003283ECE49000E64B7 /* AppDelegate.swift in Sources */ = {isa = PBXBuildFile; fileRef = 75B9D002283ECE49000E64B7 /* AppDelegate.swift */; };
		75B9D005283ECE49000E64B7 /* SceneDelegate.swift in Sources */ = {isa = PBXBuildFile; fileRef = 75B9D004283ECE49000E64B7 /* SceneDelegate.swift */; };
		75B9D007283ECE49000E64B7 /* SearchViewController.swift in Sources */ = {isa = PBXBuildFile; fileRef = 75B9D006283ECE49000E64B7 /* SearchViewController.swift */; };
		75B9D00A283ECE49000E64B7 /* Main.storyboard in Resources */ = {isa = PBXBuildFile; fileRef = 75B9D008283ECE49000E64B7 /* Main.storyboard */; };
		75B9D00C283ECE4C000E64B7 /* Assets.xcassets in Resources */ = {isa = PBXBuildFile; fileRef = 75B9D00B283ECE4C000E64B7 /* Assets.xcassets */; };
		75B9D00F283ECE4C000E64B7 /* LaunchScreen.storyboard in Resources */ = {isa = PBXBuildFile; fileRef = 75B9D00D283ECE4C000E64B7 /* LaunchScreen.storyboard */; };
		75B9D01A283ECE4C000E64B7 /* FindYourMovieTests.swift in Sources */ = {isa = PBXBuildFile; fileRef = 75B9D019283ECE4C000E64B7 /* FindYourMovieTests.swift */; };
		75B9D025283ECE4C000E64B7 /* FindYourMovieUITests.swift in Sources */ = {isa = PBXBuildFile; fileRef = 75B9D024283ECE4C000E64B7 /* FindYourMovieUITests.swift */; };
		75B9D033283EDD39000E64B7 /* SearchViewModel.swift in Sources */ = {isa = PBXBuildFile; fileRef = 75B9D032283EDD39000E64B7 /* SearchViewModel.swift */; };
		75B9D035283EDD90000E64B7 /* NetworkManager.swift in Sources */ = {isa = PBXBuildFile; fileRef = 75B9D034283EDD90000E64B7 /* NetworkManager.swift */; };
		75B9D037283EE17B000E64B7 /* SearchListItemModel.swift in Sources */ = {isa = PBXBuildFile; fileRef = 75B9D036283EE17B000E64B7 /* SearchListItemModel.swift */; };
		75B9D039283F9576000E64B7 /* SearchListTableCell.xib in Resources */ = {isa = PBXBuildFile; fileRef = 75B9D038283F9575000E64B7 /* SearchListTableCell.xib */; };
		75B9D03B283F96B2000E64B7 /* SearchListTableCell.swift in Sources */ = {isa = PBXBuildFile; fileRef = 75B9D03A283F96B2000E64B7 /* SearchListTableCell.swift */; };
		75B9D03D283FFA60000E64B7 /* MovieDetailModel.swift in Sources */ = {isa = PBXBuildFile; fileRef = 75B9D03C283FFA60000E64B7 /* MovieDetailModel.swift */; };
		75B9D03F28402954000E64B7 /* MovieDetailVC.swift in Sources */ = {isa = PBXBuildFile; fileRef = 75B9D03E28402954000E64B7 /* MovieDetailVC.swift */; };
		75B9D04128402B6F000E64B7 /* MovieDetailVM.swift in Sources */ = {isa = PBXBuildFile; fileRef = 75B9D04028402B6F000E64B7 /* MovieDetailVM.swift */; };
/* End PBXBuildFile section */

/* Begin PBXContainerItemProxy section */
		75B9D016283ECE4C000E64B7 /* PBXContainerItemProxy */ = {
			isa = PBXContainerItemProxy;
			containerPortal = 75B9CFF7283ECE49000E64B7 /* Project object */;
			proxyType = 1;
			remoteGlobalIDString = 75B9CFFE283ECE49000E64B7;
			remoteInfo = FindYourMovie;
		};
		75B9D021283ECE4C000E64B7 /* PBXContainerItemProxy */ = {
			isa = PBXContainerItemProxy;
			containerPortal = 75B9CFF7283ECE49000E64B7 /* Project object */;
			proxyType = 1;
			remoteGlobalIDString = 75B9CFFE283ECE49000E64B7;
			remoteInfo = FindYourMovie;
		};
/* End PBXContainerItemProxy section */

/* Begin PBXFileReference section */
		75B9CFFF283ECE49000E64B7 /* FindYourMovie.app */ = {isa = PBXFileReference; explicitFileType = wrapper.application; includeInIndex = 0; path = FindYourMovie.app; sourceTree = BUILT_PRODUCTS_DIR; };
		75B9D002283ECE49000E64B7 /* AppDelegate.swift */ = {isa = PBXFileReference; lastKnownFileType = sourcecode.swift; path = AppDelegate.swift; sourceTree = "<group>"; };
		75B9D004283ECE49000E64B7 /* SceneDelegate.swift */ = {isa = PBXFileReference; lastKnownFileType = sourcecode.swift; path = SceneDelegate.swift; sourceTree = "<group>"; };
		75B9D006283ECE49000E64B7 /* SearchViewController.swift */ = {isa = PBXFileReference; lastKnownFileType = sourcecode.swift; path = SearchViewController.swift; sourceTree = "<group>"; };
		75B9D009283ECE49000E64B7 /* Base */ = {isa = PBXFileReference; lastKnownFileType = file.storyboard; name = Base; path = Base.lproj/Main.storyboard; sourceTree = "<group>"; };
		75B9D00B283ECE4C000E64B7 /* Assets.xcassets */ = {isa = PBXFileReference; lastKnownFileType = folder.assetcatalog; path = Assets.xcassets; sourceTree = "<group>"; };
		75B9D00E283ECE4C000E64B7 /* Base */ = {isa = PBXFileReference; lastKnownFileType = file.storyboard; name = Base; path = Base.lproj/LaunchScreen.storyboard; sourceTree = "<group>"; };
		75B9D010283ECE4C000E64B7 /* Info.plist */ = {isa = PBXFileReference; lastKnownFileType = text.plist.xml; path = Info.plist; sourceTree = "<group>"; };
		75B9D015283ECE4C000E64B7 /* FindYourMovieTests.xctest */ = {isa = PBXFileReference; explicitFileType = wrapper.cfbundle; includeInIndex = 0; path = FindYourMovieTests.xctest; sourceTree = BUILT_PRODUCTS_DIR; };
		75B9D019283ECE4C000E64B7 /* FindYourMovieTests.swift */ = {isa = PBXFileReference; lastKnownFileType = sourcecode.swift; path = FindYourMovieTests.swift; sourceTree = "<group>"; };
		75B9D01B283ECE4C000E64B7 /* Info.plist */ = {isa = PBXFileReference; lastKnownFileType = text.plist.xml; path = Info.plist; sourceTree = "<group>"; };
		75B9D020283ECE4C000E64B7 /* FindYourMovieUITests.xctest */ = {isa = PBXFileReference; explicitFileType = wrapper.cfbundle; includeInIndex = 0; path = FindYourMovieUITests.xctest; sourceTree = BUILT_PRODUCTS_DIR; };
		75B9D024283ECE4C000E64B7 /* FindYourMovieUITests.swift */ = {isa = PBXFileReference; lastKnownFileType = sourcecode.swift; path = FindYourMovieUITests.swift; sourceTree = "<group>"; };
		75B9D026283ECE4C000E64B7 /* Info.plist */ = {isa = PBXFileReference; lastKnownFileType = text.plist.xml; path = Info.plist; sourceTree = "<group>"; };
		75B9D032283EDD39000E64B7 /* SearchViewModel.swift */ = {isa = PBXFileReference; lastKnownFileType = sourcecode.swift; path = SearchViewModel.swift; sourceTree = "<group>"; };
		75B9D034283EDD90000E64B7 /* NetworkManager.swift */ = {isa = PBXFileReference; lastKnownFileType = sourcecode.swift; path = NetworkManager.swift; sourceTree = "<group>"; };
		75B9D036283EE17B000E64B7 /* SearchListItemModel.swift */ = {isa = PBXFileReference; lastKnownFileType = sourcecode.swift; path = SearchListItemModel.swift; sourceTree = "<group>"; };
		75B9D038283F9575000E64B7 /* SearchListTableCell.xib */ = {isa = PBXFileReference; lastKnownFileType = file.xib; path = SearchListTableCell.xib; sourceTree = "<group>"; };
		75B9D03A283F96B2000E64B7 /* SearchListTableCell.swift */ = {isa = PBXFileReference; lastKnownFileType = sourcecode.swift; path = SearchListTableCell.swift; sourceTree = "<group>"; };
		75B9D03C283FFA60000E64B7 /* MovieDetailModel.swift */ = {isa = PBXFileReference; lastKnownFileType = sourcecode.swift; path = MovieDetailModel.swift; sourceTree = "<group>"; };
		75B9D03E28402954000E64B7 /* MovieDetailVC.swift */ = {isa = PBXFileReference; lastKnownFileType = sourcecode.swift; path = MovieDetailVC.swift; sourceTree = "<group>"; };
		75B9D04028402B6F000E64B7 /* MovieDetailVM.swift */ = {isa = PBXFileReference; lastKnownFileType = sourcecode.swift; path = MovieDetailVM.swift; sourceTree = "<group>"; };
/* End PBXFileReference section */

/* Begin PBXFrameworksBuildPhase section */
		75B9CFFC283ECE49000E64B7 /* Frameworks */ = {
			isa = PBXFrameworksBuildPhase;
			buildActionMask = 2147483647;
			files = (
			);
			runOnlyForDeploymentPostprocessing = 0;
		};
		75B9D012283ECE4C000E64B7 /* Frameworks */ = {
			isa = PBXFrameworksBuildPhase;
			buildActionMask = 2147483647;
			files = (
			);
			runOnlyForDeploymentPostprocessing = 0;
		};
		75B9D01D283ECE4C000E64B7 /* Frameworks */ = {
			isa = PBXFrameworksBuildPhase;
			buildActionMask = 2147483647;
			files = (
			);
			runOnlyForDeploymentPostprocessing = 0;
		};
/* End PBXFrameworksBuildPhase section */

/* Begin PBXGroup section */
		75B9CFF6283ECE49000E64B7 = {
			isa = PBXGroup;
			children = (
				75B9D001283ECE49000E64B7 /* FindYourMovie */,
				75B9D018283ECE4C000E64B7 /* FindYourMovieTests */,
				75B9D023283ECE4C000E64B7 /* FindYourMovieUITests */,
				75B9D000283ECE49000E64B7 /* Products */,
			);
			sourceTree = "<group>";
		};
		75B9D000283ECE49000E64B7 /* Products */ = {
			isa = PBXGroup;
			children = (
				75B9CFFF283ECE49000E64B7 /* FindYourMovie.app */,
				75B9D015283ECE4C000E64B7 /* FindYourMovieTests.xctest */,
				75B9D020283ECE4C000E64B7 /* FindYourMovieUITests.xctest */,
			);
			name = Products;
			sourceTree = "<group>";
		};
		75B9D001283ECE49000E64B7 /* FindYourMovie */ = {
			isa = PBXGroup;
			children = (
				75B9D002283ECE49000E64B7 /* AppDelegate.swift */,
				75B9D004283ECE49000E64B7 /* SceneDelegate.swift */,
				75B9D006283ECE49000E64B7 /* SearchViewController.swift */,
				75B9D032283EDD39000E64B7 /* SearchViewModel.swift */,
				75B9D036283EE17B000E64B7 /* SearchListItemModel.swift */,
				75B9D03C283FFA60000E64B7 /* MovieDetailModel.swift */,
				75B9D034283EDD90000E64B7 /* NetworkManager.swift */,
				75B9D038283F9575000E64B7 /* SearchListTableCell.xib */,
				75B9D03A283F96B2000E64B7 /* SearchListTableCell.swift */,
				75B9D03E28402954000E64B7 /* MovieDetailVC.swift */,
				75B9D04028402B6F000E64B7 /* MovieDetailVM.swift */,
				75B9D008283ECE49000E64B7 /* Main.storyboard */,
				75B9D00B283ECE4C000E64B7 /* Assets.xcassets */,
				75B9D00D283ECE4C000E64B7 /* LaunchScreen.storyboard */,
				75B9D010283ECE4C000E64B7 /* Info.plist */,
			);
			path = FindYourMovie;
			sourceTree = "<group>";
		};
		75B9D018283ECE4C000E64B7 /* FindYourMovieTests */ = {
			isa = PBXGroup;
			children = (
				75B9D019283ECE4C000E64B7 /* FindYourMovieTests.swift */,
				75B9D01B283ECE4C000E64B7 /* Info.plist */,
			);
			path = FindYourMovieTests;
			sourceTree = "<group>";
		};
		75B9D023283ECE4C000E64B7 /* FindYourMovieUITests */ = {
			isa = PBXGroup;
			children = (
				75B9D024283ECE4C000E64B7 /* FindYourMovieUITests.swift */,
				75B9D026283ECE4C000E64B7 /* Info.plist */,
			);
			path = FindYourMovieUITests;
			sourceTree = "<group>";
		};
/* End PBXGroup section */

/* Begin PBXNativeTarget section */
		75B9CFFE283ECE49000E64B7 /* FindYourMovie */ = {
			isa = PBXNativeTarget;
			buildConfigurationList = 75B9D029283ECE4C000E64B7 /* Build configuration list for PBXNativeTarget "FindYourMovie" */;
			buildPhases = (
				75B9CFFB283ECE49000E64B7 /* Sources */,
				75B9CFFC283ECE49000E64B7 /* Frameworks */,
				75B9CFFD283ECE49000E64B7 /* Resources */,
			);
			buildRules = (
			);
			dependencies = (
			);
			name = FindYourMovie;
			productName = FindYourMovie;
			productReference = 75B9CFFF283ECE49000E64B7 /* FindYourMovie.app */;
			productType = "com.apple.product-type.application";
		};
		75B9D014283ECE4C000E64B7 /* FindYourMovieTests */ = {
			isa = PBXNativeTarget;
			buildConfigurationList = 75B9D02C283ECE4C000E64B7 /* Build configuration list for PBXNativeTarget "FindYourMovieTests" */;
			buildPhases = (
				75B9D011283ECE4C000E64B7 /* Sources */,
				75B9D012283ECE4C000E64B7 /* Frameworks */,
				75B9D013283ECE4C000E64B7 /* Resources */,
			);
			buildRules = (
			);
			dependencies = (
				75B9D017283ECE4C000E64B7 /* PBXTargetDependency */,
			);
			name = FindYourMovieTests;
			productName = FindYourMovieTests;
			productReference = 75B9D015283ECE4C000E64B7 /* FindYourMovieTests.xctest */;
			productType = "com.apple.product-type.bundle.unit-test";
		};
		75B9D01F283ECE4C000E64B7 /* FindYourMovieUITests */ = {
			isa = PBXNativeTarget;
			buildConfigurationList = 75B9D02F283ECE4C000E64B7 /* Build configuration list for PBXNativeTarget "FindYourMovieUITests" */;
			buildPhases = (
				75B9D01C283ECE4C000E64B7 /* Sources */,
				75B9D01D283ECE4C000E64B7 /* Frameworks */,
				75B9D01E283ECE4C000E64B7 /* Resources */,
			);
			buildRules = (
			);
			dependencies = (
				75B9D022283ECE4C000E64B7 /* PBXTargetDependency */,
			);
			name = FindYourMovieUITests;
			productName = FindYourMovieUITests;
			productReference = 75B9D020283ECE4C000E64B7 /* FindYourMovieUITests.xctest */;
			productType = "com.apple.product-type.bundle.ui-testing";
		};
/* End PBXNativeTarget section */

/* Begin PBXProject section */
		75B9CFF7283ECE49000E64B7 /* Project object */ = {
			isa = PBXProject;
			attributes = {
				LastSwiftUpdateCheck = 1250;
				LastUpgradeCheck = 1250;
				TargetAttributes = {
					75B9CFFE283ECE49000E64B7 = {
						CreatedOnToolsVersion = 12.5.1;
					};
					75B9D014283ECE4C000E64B7 = {
						CreatedOnToolsVersion = 12.5.1;
						TestTargetID = 75B9CFFE283ECE49000E64B7;
					};
					75B9D01F283ECE4C000E64B7 = {
						CreatedOnToolsVersion = 12.5.1;
						TestTargetID = 75B9CFFE283ECE49000E64B7;
					};
				};
			};
			buildConfigurationList = 75B9CFFA283ECE49000E64B7 /* Build configuration list for PBXProject "FindYourMovie" */;
			compatibilityVersion = "Xcode 9.3";
			developmentRegion = en;
			hasScannedForEncodings = 0;
			knownRegions = (
				en,
				Base,
			);
			mainGroup = 75B9CFF6283ECE49000E64B7;
			productRefGroup = 75B9D000283ECE49000E64B7 /* Products */;
			projectDirPath = "";
			projectRoot = "";
			targets = (
				75B9CFFE283ECE49000E64B7 /* FindYourMovie */,
				75B9D014283ECE4C000E64B7 /* FindYourMovieTests */,
				75B9D01F283ECE4C000E64B7 /* FindYourMovieUITests */,
			);
		};
/* End PBXProject section */

/* Begin PBXResourcesBuildPhase section */
		75B9CFFD283ECE49000E64B7 /* Resources */ = {
			isa = PBXResourcesBuildPhase;
			buildActionMask = 2147483647;
			files = (
				75B9D00F283ECE4C000E64B7 /* LaunchScreen.storyboard in Resources */,
				75B9D00C283ECE4C000E64B7 /* Assets.xcassets in Resources */,
				75B9D039283F9576000E64B7 /* SearchListTableCell.xib in Resources */,
				75B9D00A283ECE49000E64B7 /* Main.storyboard in Resources */,
			);
			runOnlyForDeploymentPostprocessing = 0;
		};
		75B9D013283ECE4C000E64B7 /* Resources */ = {
			isa = PBXResourcesBuildPhase;
			buildActionMask = 2147483647;
			files = (
			);
			runOnlyForDeploymentPostprocessing = 0;
		};
		75B9D01E283ECE4C000E64B7 /* Resources */ = {
			isa = PBXResourcesBuildPhase;
			buildActionMask = 2147483647;
			files = (
			);
			runOnlyForDeploymentPostprocessing = 0;
		};
/* End PBXResourcesBuildPhase section */

/* Begin PBXSourcesBuildPhase section */
		75B9CFFB283ECE49000E64B7 /* Sources */ = {
			isa = PBXSourcesBuildPhase;
			buildActionMask = 2147483647;
			files = (
				75B9D007283ECE49000E64B7 /* SearchViewController.swift in Sources */,
				75B9D037283EE17B000E64B7 /* SearchListItemModel.swift in Sources */,
				75B9D003283ECE49000E64B7 /* AppDelegate.swift in Sources */,
				75B9D035283EDD90000E64B7 /* NetworkManager.swift in Sources */,
				75B9D04128402B6F000E64B7 /* MovieDetailVM.swift in Sources */,
				75B9D03F28402954000E64B7 /* MovieDetailVC.swift in Sources */,
				75B9D03B283F96B2000E64B7 /* SearchListTableCell.swift in Sources */,
				75B9D03D283FFA60000E64B7 /* MovieDetailModel.swift in Sources */,
				75B9D033283EDD39000E64B7 /* SearchViewModel.swift in Sources */,
				75B9D005283ECE49000E64B7 /* SceneDelegate.swift in Sources */,
			);
			runOnlyForDeploymentPostprocessing = 0;
		};
		75B9D011283ECE4C000E64B7 /* Sources */ = {
			isa = PBXSourcesBuildPhase;
			buildActionMask = 2147483647;
			files = (
				75B9D01A283ECE4C000E64B7 /* FindYourMovieTests.swift in Sources */,
			);
			runOnlyForDeploymentPostprocessing = 0;
		};
		75B9D01C283ECE4C000E64B7 /* Sources */ = {
			isa = PBXSourcesBuildPhase;
			buildActionMask = 2147483647;
			files = (
				75B9D025283ECE4C000E64B7 /* FindYourMovieUITests.swift in Sources */,
			);
			runOnlyForDeploymentPostprocessing = 0;
		};
/* End PBXSourcesBuildPhase section */

/* Begin PBXTargetDependency section */
		75B9D017283ECE4C000E64B7 /* PBXTargetDependency */ = {
			isa = PBXTargetDependency;
			target = 75B9CFFE283ECE49000E64B7 /* FindYourMovie */;
			targetProxy = 75B9D016283ECE4C000E64B7 /* PBXContainerItemProxy */;
		};
		75B9D022283ECE4C000E64B7 /* PBXTargetDependency */ = {
			isa = PBXTargetDependency;
			target = 75B9CFFE283ECE49000E64B7 /* FindYourMovie */;
			targetProxy = 75B9D021283ECE4C000E64B7 /* PBXContainerItemProxy */;
		};
/* End PBXTargetDependency section */

/* Begin PBXVariantGroup section */
		75B9D008283ECE49000E64B7 /* Main.storyboard */ = {
			isa = PBXVariantGroup;
			children = (
				75B9D009283ECE49000E64B7 /* Base */,
			);
			name = Main.storyboard;
			sourceTree = "<group>";
		};
		75B9D00D283ECE4C000E64B7 /* LaunchScreen.storyboard */ = {
			isa = PBXVariantGroup;
			children = (
				75B9D00E283ECE4C000E64B7 /* Base */,
			);
			name = LaunchScreen.storyboard;
			sourceTree = "<group>";
		};
/* End PBXVariantGroup section */

/* Begin XCBuildConfiguration section */
		75B9D027283ECE4C000E64B7 /* Debug */ = {
			isa = XCBuildConfiguration;
			buildSettings = {
				ALWAYS_SEARCH_USER_PATHS = NO;
				CLANG_ANALYZER_NONNULL = YES;
				CLANG_ANALYZER_NUMBER_OBJECT_CONVERSION = YES_AGGRESSIVE;
				CLANG_CXX_LANGUAGE_STANDARD = "gnu++14";
				CLANG_CXX_LIBRARY = "libc++";
				CLANG_ENABLE_MODULES = YES;
				CLANG_ENABLE_OBJC_ARC = YES;
				CLANG_ENABLE_OBJC_WEAK = YES;
				CLANG_WARN_BLOCK_CAPTURE_AUTORELEASING = YES;
				CLANG_WARN_BOOL_CONVERSION = YES;
				CLANG_WARN_COMMA = YES;
				CLANG_WARN_CONSTANT_CONVERSION = YES;
				CLANG_WARN_DEPRECATED_OBJC_IMPLEMENTATIONS = YES;
				CLANG_WARN_DIRECT_OBJC_ISA_USAGE = YES_ERROR;
				CLANG_WARN_DOCUMENTATION_COMMENTS = YES;
				CLANG_WARN_EMPTY_BODY = YES;
				CLANG_WARN_ENUM_CONVERSION = YES;
				CLANG_WARN_INFINITE_RECURSION = YES;
				CLANG_WARN_INT_CONVERSION = YES;
				CLANG_WARN_NON_LITERAL_NULL_CONVERSION = YES;
				CLANG_WARN_OBJC_IMPLICIT_RETAIN_SELF = YES;
				CLANG_WARN_OBJC_LITERAL_CONVERSION = YES;
				CLANG_WARN_OBJC_ROOT_CLASS = YES_ERROR;
				CLANG_WARN_QUOTED_INCLUDE_IN_FRAMEWORK_HEADER = YES;
				CLANG_WARN_RANGE_LOOP_ANALYSIS = YES;
				CLANG_WARN_STRICT_PROTOTYPES = YES;
				CLANG_WARN_SUSPICIOUS_MOVE = YES;
				CLANG_WARN_UNGUARDED_AVAILABILITY = YES_AGGRESSIVE;
				CLANG_WARN_UNREACHABLE_CODE = YES;
				CLANG_WARN__DUPLICATE_METHOD_MATCH = YES;
				COPY_PHASE_STRIP = NO;
				DEBUG_INFORMATION_FORMAT = dwarf;
				ENABLE_STRICT_OBJC_MSGSEND = YES;
				ENABLE_TESTABILITY = YES;
				GCC_C_LANGUAGE_STANDARD = gnu11;
				GCC_DYNAMIC_NO_PIC = NO;
				GCC_NO_COMMON_BLOCKS = YES;
				GCC_OPTIMIZATION_LEVEL = 0;
				GCC_PREPROCESSOR_DEFINITIONS = (
					"DEBUG=1",
					"$(inherited)",
				);
				GCC_WARN_64_TO_32_BIT_CONVERSION = YES;
				GCC_WARN_ABOUT_RETURN_TYPE = YES_ERROR;
				GCC_WARN_UNDECLARED_SELECTOR = YES;
				GCC_WARN_UNINITIALIZED_AUTOS = YES_AGGRESSIVE;
				GCC_WARN_UNUSED_FUNCTION = YES;
				GCC_WARN_UNUSED_VARIABLE = YES;
				IPHONEOS_DEPLOYMENT_TARGET = 14.5;
				MTL_ENABLE_DEBUG_INFO = INCLUDE_SOURCE;
				MTL_FAST_MATH = YES;
				ONLY_ACTIVE_ARCH = YES;
				SDKROOT = iphoneos;
				SWIFT_ACTIVE_COMPILATION_CONDITIONS = DEBUG;
				SWIFT_OPTIMIZATION_LEVEL = "-Onone";
			};
			name = Debug;
		};
		75B9D028283ECE4C000E64B7 /* Release */ = {
			isa = XCBuildConfiguration;
			buildSettings = {
				ALWAYS_SEARCH_USER_PATHS = NO;
				CLANG_ANALYZER_NONNULL = YES;
				CLANG_ANALYZER_NUMBER_OBJECT_CONVERSION = YES_AGGRESSIVE;
				CLANG_CXX_LANGUAGE_STANDARD = "gnu++14";
				CLANG_CXX_LIBRARY = "libc++";
				CLANG_ENABLE_MODULES = YES;
				CLANG_ENABLE_OBJC_ARC = YES;
				CLANG_ENABLE_OBJC_WEAK = YES;
				CLANG_WARN_BLOCK_CAPTURE_AUTORELEASING = YES;
				CLANG_WARN_BOOL_CONVERSION = YES;
				CLANG_WARN_COMMA = YES;
				CLANG_WARN_CONSTANT_CONVERSION = YES;
				CLANG_WARN_DEPRECATED_OBJC_IMPLEMENTATIONS = YES;
				CLANG_WARN_DIRECT_OBJC_ISA_USAGE = YES_ERROR;
				CLANG_WARN_DOCUMENTATION_COMMENTS = YES;
				CLANG_WARN_EMPTY_BODY = YES;
				CLANG_WARN_ENUM_CONVERSION = YES;
				CLANG_WARN_INFINITE_RECURSION = YES;
				CLANG_WARN_INT_CONVERSION = YES;
				CLANG_WARN_NON_LITERAL_NULL_CONVERSION = YES;
				CLANG_WARN_OBJC_IMPLICIT_RETAIN_SELF = YES;
				CLANG_WARN_OBJC_LITERAL_CONVERSION = YES;
				CLANG_WARN_OBJC_ROOT_CLASS = YES_ERROR;
				CLANG_WARN_QUOTED_INCLUDE_IN_FRAMEWORK_HEADER = YES;
				CLANG_WARN_RANGE_LOOP_ANALYSIS = YES;
				CLANG_WARN_STRICT_PROTOTYPES = YES;
				CLANG_WARN_SUSPICIOUS_MOVE = YES;
				CLANG_WARN_UNGUARDED_AVAILABILITY = YES_AGGRESSIVE;
				CLANG_WARN_UNREACHABLE_CODE = YES;
				CLANG_WARN__DUPLICATE_METHOD_MATCH = YES;
				COPY_PHASE_STRIP = NO;
				DEBUG_INFORMATION_FORMAT = "dwarf-with-dsym";
				ENABLE_NS_ASSERTIONS = NO;
				ENABLE_STRICT_OBJC_MSGSEND = YES;
				GCC_C_LANGUAGE_STANDARD = gnu11;
				GCC_NO_COMMON_BLOCKS = YES;
				GCC_WARN_64_TO_32_BIT_CONVERSION = YES;
				GCC_WARN_ABOUT_RETURN_TYPE = YES_ERROR;
				GCC_WARN_UNDECLARED_SELECTOR = YES;
				GCC_WARN_UNINITIALIZED_AUTOS = YES_AGGRESSIVE;
				GCC_WARN_UNUSED_FUNCTION = YES;
				GCC_WARN_UNUSED_VARIABLE = YES;
				IPHONEOS_DEPLOYMENT_TARGET = 14.5;
				MTL_ENABLE_DEBUG_INFO = NO;
				MTL_FAST_MATH = YES;
				SDKROOT = iphoneos;
				SWIFT_COMPILATION_MODE = wholemodule;
				SWIFT_OPTIMIZATION_LEVEL = "-O";
				VALIDATE_PRODUCT = YES;
			};
			name = Release;
		};
		75B9D02A283ECE4C000E64B7 /* Debug */ = {
			isa = XCBuildConfiguration;
			buildSettings = {
				ASSETCATALOG_COMPILER_APPICON_NAME = AppIcon;
				ASSETCATALOG_COMPILER_GLOBAL_ACCENT_COLOR_NAME = AccentColor;
				CODE_SIGN_STYLE = Automatic;
				INFOPLIST_FILE = FindYourMovie/Info.plist;
				LD_RUNPATH_SEARCH_PATHS = (
					"$(inherited)",
					"@executable_path/Frameworks",
				);
				PRODUCT_BUNDLE_IDENTIFIER = com.ashish.FindYourMovie;
				PRODUCT_NAME = "$(TARGET_NAME)";
				SWIFT_VERSION = 5.0;
				TARGETED_DEVICE_FAMILY = "1,2";
			};
			name = Debug;
		};
		75B9D02B283ECE4C000E64B7 /* Release */ = {
			isa = XCBuildConfiguration;
			buildSettings = {
				ASSETCATALOG_COMPILER_APPICON_NAME = AppIcon;
				ASSETCATALOG_COMPILER_GLOBAL_ACCENT_COLOR_NAME = AccentColor;
				CODE_SIGN_STYLE = Automatic;
				INFOPLIST_FILE = FindYourMovie/Info.plist;
				LD_RUNPATH_SEARCH_PATHS = (
					"$(inherited)",
					"@executable_path/Frameworks",
				);
				PRODUCT_BUNDLE_IDENTIFIER = com.ashish.FindYourMovie;
				PRODUCT_NAME = "$(TARGET_NAME)";
				SWIFT_VERSION = 5.0;
				TARGETED_DEVICE_FAMILY = "1,2";
			};
			name = Release;
		};
		75B9D02D283ECE4C000E64B7 /* Debug */ = {
			isa = XCBuildConfiguration;
			buildSettings = {
				ALWAYS_EMBED_SWIFT_STANDARD_LIBRARIES = YES;
				BUNDLE_LOADER = "$(TEST_HOST)";
				CODE_SIGN_STYLE = Automatic;
				INFOPLIST_FILE = FindYourMovieTests/Info.plist;
				IPHONEOS_DEPLOYMENT_TARGET = 14.5;
				LD_RUNPATH_SEARCH_PATHS = (
					"$(inherited)",
					"@executable_path/Frameworks",
					"@loader_path/Frameworks",
				);
				PRODUCT_BUNDLE_IDENTIFIER = com.ashish.FindYourMovieTests;
				PRODUCT_NAME = "$(TARGET_NAME)";
				SWIFT_VERSION = 5.0;
				TARGETED_DEVICE_FAMILY = "1,2";
				TEST_HOST = "$(BUILT_PRODUCTS_DIR)/FindYourMovie.app/FindYourMovie";
			};
			name = Debug;
		};
		75B9D02E283ECE4C000E64B7 /* Release */ = {
			isa = XCBuildConfiguration;
			buildSettings = {
				ALWAYS_EMBED_SWIFT_STANDARD_LIBRARIES = YES;
				BUNDLE_LOADER = "$(TEST_HOST)";
				CODE_SIGN_STYLE = Automatic;
				INFOPLIST_FILE = FindYourMovieTests/Info.plist;
				IPHONEOS_DEPLOYMENT_TARGET = 14.5;
				LD_RUNPATH_SEARCH_PATHS = (
					"$(inherited)",
					"@executable_path/Frameworks",
					"@loader_path/Frameworks",
				);
				PRODUCT_BUNDLE_IDENTIFIER = com.ashish.FindYourMovieTests;
				PRODUCT_NAME = "$(TARGET_NAME)";
				SWIFT_VERSION = 5.0;
				TARGETED_DEVICE_FAMILY = "1,2";
				TEST_HOST = "$(BUILT_PRODUCTS_DIR)/FindYourMovie.app/FindYourMovie";
			};
			name = Release;
		};
		75B9D030283ECE4C000E64B7 /* Debug */ = {
			isa = XCBuildConfiguration;
			buildSettings = {
				ALWAYS_EMBED_SWIFT_STANDARD_LIBRARIES = YES;
				CODE_SIGN_STYLE = Automatic;
				INFOPLIST_FILE = FindYourMovieUITests/Info.plist;
				LD_RUNPATH_SEARCH_PATHS = (
					"$(inherited)",
					"@executable_path/Frameworks",
					"@loader_path/Frameworks",
				);
				PRODUCT_BUNDLE_IDENTIFIER = com.ashish.FindYourMovieUITests;
				PRODUCT_NAME = "$(TARGET_NAME)";
				SWIFT_VERSION = 5.0;
				TARGETED_DEVICE_FAMILY = "1,2";
				TEST_TARGET_NAME = FindYourMovie;
			};
			name = Debug;
		};
		75B9D031283ECE4C000E64B7 /* Release */ = {
			isa = XCBuildConfiguration;
			buildSettings = {
				ALWAYS_EMBED_SWIFT_STANDARD_LIBRARIES = YES;
				CODE_SIGN_STYLE = Automatic;
				INFOPLIST_FILE = FindYourMovieUITests/Info.plist;
				LD_RUNPATH_SEARCH_PATHS = (
					"$(inherited)",
					"@executable_path/Frameworks",
					"@loader_path/Frameworks",
				);
				PRODUCT_BUNDLE_IDENTIFIER = com.ashish.FindYourMovieUITests;
				PRODUCT_NAME = "$(TARGET_NAME)";
				SWIFT_VERSION = 5.0;
				TARGETED_DEVICE_FAMILY = "1,2";
				TEST_TARGET_NAME = FindYourMovie;
			};
			name = Release;
		};
/* End XCBuildConfiguration section */

/* Begin XCConfigurationList section */
		75B9CFFA283ECE49000E64B7 /* Build configuration list for PBXProject "FindYourMovie" */ = {
			isa = XCConfigurationList;
			buildConfigurations = (
				75B9D027283ECE4C000E64B7 /* Debug */,
				75B9D028283ECE4C000E64B7 /* Release */,
			);
			defaultConfigurationIsVisible = 0;
			defaultConfigurationName = Release;
		};
		75B9D029283ECE4C000E64B7 /* Build configuration list for PBXNativeTarget "FindYourMovie" */ = {
			isa = XCConfigurationList;
			buildConfigurations = (
				75B9D02A283ECE4C000E64B7 /* Debug */,
				75B9D02B283ECE4C000E64B7 /* Release */,
			);
			defaultConfigurationIsVisible = 0;
			defaultConfigurationName = Release;
		};
		75B9D02C283ECE4C000E64B7 /* Build configuration list for PBXNativeTarget "FindYourMovieTests" */ = {
			isa = XCConfigurationList;
			buildConfigurations = (
				75B9D02D283ECE4C000E64B7 /* Debug */,
				75B9D02E283ECE4C000E64B7 /* Release */,
			);
			defaultConfigurationIsVisible = 0;
			defaultConfigurationName = Release;
		};
		75B9D02F283ECE4C000E64B7 /* Build configuration list for PBXNativeTarget "FindYourMovieUITests" */ = {
			isa = XCConfigurationList;
			buildConfigurations = (
				75B9D030283ECE4C000E64B7 /* Debug */,
				75B9D031283ECE4C000E64B7 /* Release */,
			);
			defaultConfigurationIsVisible = 0;
			defaultConfigurationName = Release;
		};
/* End XCConfigurationList section */
	};
	rootObject = 75B9CFF7283ECE49000E64B7 /* Project object */;
}
